// !$*UTF8*$!
{
	archiveVersion = 1;
	classes = {
	};
	objectVersion = 56;
	objects = {

/* Begin PBXBuildFile section */
		31D2EAA02BDD4666000D7225 /* SamNotesApp.swift in Sources */ = {isa = PBXBuildFile; fileRef = 31D2EA9F2BDD4666000D7225 /* SamNotesApp.swift */; };
		31D2EAA22BDD4666000D7225 /* ContentView.swift in Sources */ = {isa = PBXBuildFile; fileRef = 31D2EAA12BDD4666000D7225 /* ContentView.swift */; };
		31D2EAA42BDD4668000D7225 /* Assets.xcassets in Resources */ = {isa = PBXBuildFile; fileRef = 31D2EAA32BDD4668000D7225 /* Assets.xcassets */; };
		31D2EAA72BDD4668000D7225 /* Preview Assets.xcassets in Resources */ = {isa = PBXBuildFile; fileRef = 31D2EAA62BDD4668000D7225 /* Preview Assets.xcassets */; };
		31D2EAB02BDD4784000D7225 /* HomeView.swift in Sources */ = {isa = PBXBuildFile; fileRef = 31D2EAAF2BDD4784000D7225 /* HomeView.swift */; };
		31F3B3F02BDD720400FC106E /* Note.swift in Sources */ = {isa = PBXBuildFile; fileRef = 31F3B3EF2BDD720400FC106E /* Note.swift */; };
		31F3B3F22BDD807400FC106E /* BlueView.swift in Sources */ = {isa = PBXBuildFile; fileRef = 31F3B3F12BDD807400FC106E /* BlueView.swift */; };
/* End PBXBuildFile section */

/* Begin PBXFileReference section */
		31D2EA9C2BDD4666000D7225 /* SamNotes.app */ = {isa = PBXFileReference; explicitFileType = wrapper.application; includeInIndex = 0; path = SamNotes.app; sourceTree = BUILT_PRODUCTS_DIR; };
		31D2EA9F2BDD4666000D7225 /* SamNotesApp.swift */ = {isa = PBXFileReference; lastKnownFileType = sourcecode.swift; path = SamNotesApp.swift; sourceTree = "<group>"; };
		31D2EAA12BDD4666000D7225 /* ContentView.swift */ = {isa = PBXFileReference; lastKnownFileType = sourcecode.swift; path = ContentView.swift; sourceTree = "<group>"; };
		31D2EAA32BDD4668000D7225 /* Assets.xcassets */ = {isa = PBXFileReference; lastKnownFileType = folder.assetcatalog; path = Assets.xcassets; sourceTree = "<group>"; };
		31D2EAA62BDD4668000D7225 /* Preview Assets.xcassets */ = {isa = PBXFileReference; lastKnownFileType = folder.assetcatalog; path = "Preview Assets.xcassets"; sourceTree = "<group>"; };
		31D2EAA82BDD4668000D7225 /* SamNotes.entitlements */ = {isa = PBXFileReference; lastKnownFileType = text.plist.entitlements; path = SamNotes.entitlements; sourceTree = "<group>"; };
		31D2EAAF2BDD4784000D7225 /* HomeView.swift */ = {isa = PBXFileReference; lastKnownFileType = sourcecode.swift; path = HomeView.swift; sourceTree = "<group>"; };
		31F3B3EF2BDD720400FC106E /* Note.swift */ = {isa = PBXFileReference; lastKnownFileType = sourcecode.swift; path = Note.swift; sourceTree = "<group>"; };
		31F3B3F12BDD807400FC106E /* BlueView.swift */ = {isa = PBXFileReference; lastKnownFileType = sourcecode.swift; path = BlueView.swift; sourceTree = "<group>"; };
/* End PBXFileReference section */

/* Begin PBXFrameworksBuildPhase section */
		31D2EA992BDD4666000D7225 /* Frameworks */ = {
			isa = PBXFrameworksBuildPhase;
			buildActionMask = 2147483647;
			files = (
			);
			runOnlyForDeploymentPostprocessing = 0;
		};
/* End PBXFrameworksBuildPhase section */

/* Begin PBXGroup section */
		31D2EA932BDD4666000D7225 = {
			isa = PBXGroup;
			children = (
				31D2EA9E2BDD4666000D7225 /* SamNotes */,
				31D2EA9D2BDD4666000D7225 /* Products */,
			);
			sourceTree = "<group>";
		};
		31D2EA9D2BDD4666000D7225 /* Products */ = {
			isa = PBXGroup;
			children = (
				31D2EA9C2BDD4666000D7225 /* SamNotes.app */,
			);
			name = Products;
			sourceTree = "<group>";
		};
		31D2EA9E2BDD4666000D7225 /* SamNotes */ = {
			isa = PBXGroup;
			children = (
				31F3B3EE2BDD71F300FC106E /* Model */,
				31D2EAAE2BDD476F000D7225 /* View */,
				31D2EA9F2BDD4666000D7225 /* SamNotesApp.swift */,
				31D2EAA12BDD4666000D7225 /* ContentView.swift */,
				31D2EAA32BDD4668000D7225 /* Assets.xcassets */,
				31D2EAA82BDD4668000D7225 /* SamNotes.entitlements */,
				31D2EAA52BDD4668000D7225 /* Preview Content */,
			);
			path = SamNotes;
			sourceTree = "<group>";
		};
		31D2EAA52BDD4668000D7225 /* Preview Content */ = {
			isa = PBXGroup;
			children = (
				31D2EAA62BDD4668000D7225 /* Preview Assets.xcassets */,
			);
			path = "Preview Content";
			sourceTree = "<group>";
		};
		31D2EAAE2BDD476F000D7225 /* View */ = {
			isa = PBXGroup;
			children = (
				31D2EAAF2BDD4784000D7225 /* HomeView.swift */,
				31F3B3F12BDD807400FC106E /* BlueView.swift */,
			);
			path = View;
			sourceTree = "<group>";
		};
		31F3B3EE2BDD71F300FC106E /* Model */ = {
			isa = PBXGroup;
			children = (
				31F3B3EF2BDD720400FC106E /* Note.swift */,
			);
			path = Model;
			sourceTree = "<group>";
		};
/* End PBXGroup section */

/* Begin PBXNativeTarget section */
		31D2EA9B2BDD4666000D7225 /* SamNotes */ = {
			isa = PBXNativeTarget;
			buildConfigurationList = 31D2EAAB2BDD4668000D7225 /* Build configuration list for PBXNativeTarget "SamNotes" */;
			buildPhases = (
				31D2EA982BDD4666000D7225 /* Sources */,
				31D2EA992BDD4666000D7225 /* Frameworks */,
				31D2EA9A2BDD4666000D7225 /* Resources */,
			);
			buildRules = (
			);
			dependencies = (
			);
			name = SamNotes;
			productName = SamNotes;
			productReference = 31D2EA9C2BDD4666000D7225 /* SamNotes.app */;
			productType = "com.apple.product-type.application";
		};
/* End PBXNativeTarget section */

/* Begin PBXProject section */
		31D2EA942BDD4666000D7225 /* Project object */ = {
			isa = PBXProject;
			attributes = {
				BuildIndependentTargetsInParallel = 1;
				LastSwiftUpdateCheck = 1530;
				LastUpgradeCheck = 1530;
				TargetAttributes = {
					31D2EA9B2BDD4666000D7225 = {
						CreatedOnToolsVersion = 15.3;
					};
				};
			};
			buildConfigurationList = 31D2EA972BDD4666000D7225 /* Build configuration list for PBXProject "SamNotes" */;
			compatibilityVersion = "Xcode 14.0";
			developmentRegion = en;
			hasScannedForEncodings = 0;
			knownRegions = (
				en,
				Base,
			);
			mainGroup = 31D2EA932BDD4666000D7225;
			productRefGroup = 31D2EA9D2BDD4666000D7225 /* Products */;
			projectDirPath = "";
			projectRoot = "";
			targets = (
				31D2EA9B2BDD4666000D7225 /* SamNotes */,
			);
		};
/* End PBXProject section */

/* Begin PBXResourcesBuildPhase section */
		31D2EA9A2BDD4666000D7225 /* Resources */ = {
			isa = PBXResourcesBuildPhase;
			buildActionMask = 2147483647;
			files = (
				31D2EAA72BDD4668000D7225 /* Preview Assets.xcassets in Resources */,
				31D2EAA42BDD4668000D7225 /* Assets.xcassets in Resources */,
			);
			runOnlyForDeploymentPostprocessing = 0;
		};
/* End PBXResourcesBuildPhase section */

/* Begin PBXSourcesBuildPhase section */
		31D2EA982BDD4666000D7225 /* Sources */ = {
			isa = PBXSourcesBuildPhase;
			buildActionMask = 2147483647;
			files = (
				31D2EAB02BDD4784000D7225 /* HomeView.swift in Sources */,
				31D2EAA22BDD4666000D7225 /* ContentView.swift in Sources */,
				31D2EAA02BDD4666000D7225 /* SamNotesApp.swift in Sources */,
				31F3B3F02BDD720400FC106E /* Note.swift in Sources */,
				31F3B3F22BDD807400FC106E /* BlueView.swift in Sources */,
			);
			runOnlyForDeploymentPostprocessing = 0;
		};
/* End PBXSourcesBuildPhase section */

/* Begin XCBuildConfiguration section */
		31D2EAA92BDD4668000D7225 /* Debug */ = {
			isa = XCBuildConfiguration;
			buildSettings = {
				ALWAYS_SEARCH_USER_PATHS = NO;
				ASSETCATALOG_COMPILER_GENERATE_SWIFT_ASSET_SYMBOL_EXTENSIONS = YES;
				CLANG_ANALYZER_NONNULL = YES;
				CLANG_ANALYZER_NUMBER_OBJECT_CONVERSION = YES_AGGRESSIVE;
				CLANG_CXX_LANGUAGE_STANDARD = "gnu++20";
				CLANG_ENABLE_MODULES = YES;
				CLANG_ENABLE_OBJC_ARC = YES;
				CLANG_ENABLE_OBJC_WEAK = YES;
				CLANG_WARN_BLOCK_CAPTURE_AUTORELEASING = YES;
				CLANG_WARN_BOOL_CONVERSION = YES;
				CLANG_WARN_COMMA = YES;
				CLANG_WARN_CONSTANT_CONVERSION = YES;
				CLANG_WARN_DEPRECATED_OBJC_IMPLEMENTATIONS = YES;
				CLANG_WARN_DIRECT_OBJC_ISA_USAGE = YES_ERROR;
				CLANG_WARN_DOCUMENTATION_COMMENTS = YES;
				CLANG_WARN_EMPTY_BODY = YES;
				CLANG_WARN_ENUM_CONVERSION = YES;
				CLANG_WARN_INFINITE_RECURSION = YES;
				CLANG_WARN_INT_CONVERSION = YES;
				CLANG_WARN_NON_LITERAL_NULL_CONVERSION = YES;
				CLANG_WARN_OBJC_IMPLICIT_RETAIN_SELF = YES;
				CLANG_WARN_OBJC_LITERAL_CONVERSION = YES;
				CLANG_WARN_OBJC_ROOT_CLASS = YES_ERROR;
				CLANG_WARN_QUOTED_INCLUDE_IN_FRAMEWORK_HEADER = YES;
				CLANG_WARN_RANGE_LOOP_ANALYSIS = YES;
				CLANG_WARN_STRICT_PROTOTYPES = YES;
				CLANG_WARN_SUSPICIOUS_MOVE = YES;
				CLANG_WARN_UNGUARDED_AVAILABILITY = YES_AGGRESSIVE;
				CLANG_WARN_UNREACHABLE_CODE = YES;
				CLANG_WARN__DUPLICATE_METHOD_MATCH = YES;
				COPY_PHASE_STRIP = NO;
				DEBUG_INFORMATION_FORMAT = dwarf;
				ENABLE_STRICT_OBJC_MSGSEND = YES;
				ENABLE_TESTABILITY = YES;
				ENABLE_USER_SCRIPT_SANDBOXING = YES;
				GCC_C_LANGUAGE_STANDARD = gnu17;
				GCC_DYNAMIC_NO_PIC = NO;
				GCC_NO_COMMON_BLOCKS = YES;
				GCC_OPTIMIZATION_LEVEL = 0;
				GCC_PREPROCESSOR_DEFINITIONS = (
					"DEBUG=1",
					"$(inherited)",
				);
				GCC_WARN_64_TO_32_BIT_CONVERSION = YES;
				GCC_WARN_ABOUT_RETURN_TYPE = YES_ERROR;
				GCC_WARN_UNDECLARED_SELECTOR = YES;
				GCC_WARN_UNINITIALIZED_AUTOS = YES_AGGRESSIVE;
				GCC_WARN_UNUSED_FUNCTION = YES;
				GCC_WARN_UNUSED_VARIABLE = YES;
				LOCALIZATION_PREFERS_STRING_CATALOGS = YES;
				MACOSX_DEPLOYMENT_TARGET = 14.4;
				MTL_ENABLE_DEBUG_INFO = INCLUDE_SOURCE;
				MTL_FAST_MATH = YES;
				ONLY_ACTIVE_ARCH = YES;
				SDKROOT = macosx;
				SWIFT_ACTIVE_COMPILATION_CONDITIONS = "DEBUG $(inherited)";
				SWIFT_OPTIMIZATION_LEVEL = "-Onone";
			};
			name = Debug;
		};
		31D2EAAA2BDD4668000D7225 /* Release */ = {
			isa = XCBuildConfiguration;
			buildSettings = {
				ALWAYS_SEARCH_USER_PATHS = NO;
				ASSETCATALOG_COMPILER_GENERATE_SWIFT_ASSET_SYMBOL_EXTENSIONS = YES;
				CLANG_ANALYZER_NONNULL = YES;
				CLANG_ANALYZER_NUMBER_OBJECT_CONVERSION = YES_AGGRESSIVE;
				CLANG_CXX_LANGUAGE_STANDARD = "gnu++20";
				CLANG_ENABLE_MODULES = YES;
				CLANG_ENABLE_OBJC_ARC = YES;
				CLANG_ENABLE_OBJC_WEAK = YES;
				CLANG_WARN_BLOCK_CAPTURE_AUTORELEASING = YES;
				CLANG_WARN_BOOL_CONVERSION = YES;
				CLANG_WARN_COMMA = YES;
				CLANG_WARN_CONSTANT_CONVERSION = YES;
				CLANG_WARN_DEPRECATED_OBJC_IMPLEMENTATIONS = YES;
				CLANG_WARN_DIRECT_OBJC_ISA_USAGE = YES_ERROR;
				CLANG_WARN_DOCUMENTATION_COMMENTS = YES;
				CLANG_WARN_EMPTY_BODY = YES;
				CLANG_WARN_ENUM_CONVERSION = YES;
				CLANG_WARN_INFINITE_RECURSION = YES;
				CLANG_WARN_INT_CONVERSION = YES;
				CLANG_WARN_NON_LITERAL_NULL_CONVERSION = YES;
				CLANG_WARN_OBJC_IMPLICIT_RETAIN_SELF = YES;
				CLANG_WARN_OBJC_LITERAL_CONVERSION = YES;
				CLANG_WARN_OBJC_ROOT_CLASS = YES_ERROR;
				CLANG_WARN_QUOTED_INCLUDE_IN_FRAMEWORK_HEADER = YES;
				CLANG_WARN_RANGE_LOOP_ANALYSIS = YES;
				CLANG_WARN_STRICT_PROTOTYPES = YES;
				CLANG_WARN_SUSPICIOUS_MOVE = YES;
				CLANG_WARN_UNGUARDED_AVAILABILITY = YES_AGGRESSIVE;
				CLANG_WARN_UNREACHABLE_CODE = YES;
				CLANG_WARN__DUPLICATE_METHOD_MATCH = YES;
				COPY_PHASE_STRIP = NO;
				DEBUG_INFORMATION_FORMAT = "dwarf-with-dsym";
				ENABLE_NS_ASSERTIONS = NO;
				ENABLE_STRICT_OBJC_MSGSEND = YES;
				ENABLE_USER_SCRIPT_SANDBOXING = YES;
				GCC_C_LANGUAGE_STANDARD = gnu17;
				GCC_NO_COMMON_BLOCKS = YES;
				GCC_WARN_64_TO_32_BIT_CONVERSION = YES;
				GCC_WARN_ABOUT_RETURN_TYPE = YES_ERROR;
				GCC_WARN_UNDECLARED_SELECTOR = YES;
				GCC_WARN_UNINITIALIZED_AUTOS = YES_AGGRESSIVE;
				GCC_WARN_UNUSED_FUNCTION = YES;
				GCC_WARN_UNUSED_VARIABLE = YES;
				LOCALIZATION_PREFERS_STRING_CATALOGS = YES;
				MACOSX_DEPLOYMENT_TARGET = 14.4;
				MTL_ENABLE_DEBUG_INFO = NO;
				MTL_FAST_MATH = YES;
				SDKROOT = macosx;
				SWIFT_COMPILATION_MODE = wholemodule;
			};
			name = Release;
		};
		31D2EAAC2BDD4668000D7225 /* Debug */ = {
			isa = XCBuildConfiguration;
			buildSettings = {
				ASSETCATALOG_COMPILER_APPICON_NAME = AppIcon;
				ASSETCATALOG_COMPILER_GLOBAL_ACCENT_COLOR_NAME = AccentColor;
				CODE_SIGN_ENTITLEMENTS = SamNotes/SamNotes.entitlements;
				CODE_SIGN_STYLE = Automatic;
				COMBINE_HIDPI_IMAGES = YES;
				CURRENT_PROJECT_VERSION = 1;
				DEVELOPMENT_ASSET_PATHS = "\"SamNotes/Preview Content\"";
				DEVELOPMENT_TEAM = MRWW7972SX;
				ENABLE_HARDENED_RUNTIME = YES;
				ENABLE_PREVIEWS = YES;
				GENERATE_INFOPLIST_FILE = YES;
				INFOPLIST_KEY_NSHumanReadableCopyright = "";
				INFOPLIST_KEY_UISupportedInterfaceOrientations = UIInterfaceOrientationPortrait;
				IPHONEOS_DEPLOYMENT_TARGET = 17.0;
				LD_RUNPATH_SEARCH_PATHS = (
					"$(inherited)",
					"@executable_path/../Frameworks",
				);
				MACOSX_DEPLOYMENT_TARGET = 14.0;
				MARKETING_VERSION = 1.0;
				PRODUCT_BUNDLE_IDENTIFIER = com.silvaneimartins.SamNotes;
				PRODUCT_NAME = "$(TARGET_NAME)";
				SUPPORTED_PLATFORMS = "iphoneos iphonesimulator macosx";
				SUPPORTS_MACCATALYST = NO;
				SWIFT_EMIT_LOC_STRINGS = YES;
				SWIFT_VERSION = 5.0;
				TARGETED_DEVICE_FAMILY = 1;
			};
			name = Debug;
		};
		31D2EAAD2BDD4668000D7225 /* Release */ = {
			isa = XCBuildConfiguration;
			buildSettings = {
				ASSETCATALOG_COMPILER_APPICON_NAME = AppIcon;
				ASSETCATALOG_COMPILER_GLOBAL_ACCENT_COLOR_NAME = AccentColor;
				CODE_SIGN_ENTITLEMENTS = SamNotes/SamNotes.entitlements;
				CODE_SIGN_STYLE = Automatic;
				COMBINE_HIDPI_IMAGES = YES;
				CURRENT_PROJECT_VERSION = 1;
				DEVELOPMENT_ASSET_PATHS = "\"SamNotes/Preview Content\"";
				DEVELOPMENT_TEAM = MRWW7972SX;
				ENABLE_HARDENED_RUNTIME = YES;
				ENABLE_PREVIEWS = YES;
				GENERATE_INFOPLIST_FILE = YES;
				INFOPLIST_KEY_NSHumanReadableCopyright = "";
				INFOPLIST_KEY_UISupportedInterfaceOrientations = UIInterfaceOrientationPortrait;
				IPHONEOS_DEPLOYMENT_TARGET = 17.0;
				LD_RUNPATH_SEARCH_PATHS = (
					"$(inherited)",
					"@executable_path/../Frameworks",
				);
				MACOSX_DEPLOYMENT_TARGET = 14.0;
				MARKETING_VERSION = 1.0;
				PRODUCT_BUNDLE_IDENTIFIER = com.silvaneimartins.SamNotes;
				PRODUCT_NAME = "$(TARGET_NAME)";
				SUPPORTED_PLATFORMS = "iphoneos iphonesimulator macosx";
				SUPPORTS_MACCATALYST = NO;
				SWIFT_EMIT_LOC_STRINGS = YES;
				SWIFT_VERSION = 5.0;
				TARGETED_DEVICE_FAMILY = 1;
			};
			name = Release;
		};
/* End XCBuildConfiguration section */

/* Begin XCConfigurationList section */
		31D2EA972BDD4666000D7225 /* Build configuration list for PBXProject "SamNotes" */ = {
			isa = XCConfigurationList;
			buildConfigurations = (
				31D2EAA92BDD4668000D7225 /* Debug */,
				31D2EAAA2BDD4668000D7225 /* Release */,
			);
			defaultConfigurationIsVisible = 0;
			defaultConfigurationName = Release;
		};
		31D2EAAB2BDD4668000D7225 /* Build configuration list for PBXNativeTarget "SamNotes" */ = {
			isa = XCConfigurationList;
			buildConfigurations = (
				31D2EAAC2BDD4668000D7225 /* Debug */,
				31D2EAAD2BDD4668000D7225 /* Release */,
			);
			defaultConfigurationIsVisible = 0;
			defaultConfigurationName = Release;
		};
/* End XCConfigurationList section */
	};
	rootObject = 31D2EA942BDD4666000D7225 /* Project object */;
}
